// !$*UTF8*$!
{
	archiveVersion = 1;
	classes = {
	};
	objectVersion = 54;
	objects = {

/* Begin PBXBuildFile section */
		30998BDE2B383214005E9F25 /* LoginVC.swift in Sources */ = {isa = PBXBuildFile; fileRef = 30998BDD2B383214005E9F25 /* LoginVC.swift */; };
		30998BE02B38327A005E9F25 /* HomeVC.swift in Sources */ = {isa = PBXBuildFile; fileRef = 30998BDF2B38327A005E9F25 /* HomeVC.swift */; };
		30998BE32B3832FF005E9F25 /* ConsultationVC.swift in Sources */ = {isa = PBXBuildFile; fileRef = 30998BE22B3832FF005E9F25 /* ConsultationVC.swift */; };
		30998BE52B38338A005E9F25 /* WaitingVC.swift in Sources */ = {isa = PBXBuildFile; fileRef = 30998BE42B38338A005E9F25 /* WaitingVC.swift */; };
		30998BE72B383461005E9F25 /* PrescriptionVC.swift in Sources */ = {isa = PBXBuildFile; fileRef = 30998BE62B383461005E9F25 /* PrescriptionVC.swift */; };
		30998BE92B3834DD005E9F25 /* ChatConsultationVC.swift in Sources */ = {isa = PBXBuildFile; fileRef = 30998BE82B3834DD005E9F25 /* ChatConsultationVC.swift */; };
		30998BEC2B383585005E9F25 /* UserVC.swift in Sources */ = {isa = PBXBuildFile; fileRef = 30998BEB2B383585005E9F25 /* UserVC.swift */; };
		30998BEE2B3835F5005E9F25 /* UserInfoVC.swift in Sources */ = {isa = PBXBuildFile; fileRef = 30998BED2B3835F5005E9F25 /* UserInfoVC.swift */; };
		30998BF02B383639005E9F25 /* CreateUserVC.swift in Sources */ = {isa = PBXBuildFile; fileRef = 30998BEF2B383639005E9F25 /* CreateUserVC.swift */; };
		30998BFD2B3C32F1005E9F25 /* MessageCell.swift in Sources */ = {isa = PBXBuildFile; fileRef = 30998BFC2B3C32F1005E9F25 /* MessageCell.swift */; };
		30998C002B3C3304005E9F25 /* MessageCell.xib in Resources */ = {isa = PBXBuildFile; fileRef = 30998BFE2B3C3304005E9F25 /* MessageCell.xib */; };
		30998C022B3CB1FE005E9F25 /* MyMessageCell.swift in Sources */ = {isa = PBXBuildFile; fileRef = 30998C012B3CB1FE005E9F25 /* MyMessageCell.swift */; };
		30998C052B3CB266005E9F25 /* MyMessageCell.xib in Resources */ = {isa = PBXBuildFile; fileRef = 30998C032B3CB266005E9F25 /* MyMessageCell.xib */; };
		607FACD61AFB9204008FA782 /* AppDelegate.swift in Sources */ = {isa = PBXBuildFile; fileRef = 607FACD51AFB9204008FA782 /* AppDelegate.swift */; };
		607FACDB1AFB9204008FA782 /* Main.storyboard in Resources */ = {isa = PBXBuildFile; fileRef = 607FACD91AFB9204008FA782 /* Main.storyboard */; };
		607FACDD1AFB9204008FA782 /* Images.xcassets in Resources */ = {isa = PBXBuildFile; fileRef = 607FACDC1AFB9204008FA782 /* Images.xcassets */; };
		607FACE01AFB9204008FA782 /* LaunchScreen.xib in Resources */ = {isa = PBXBuildFile; fileRef = 607FACDE1AFB9204008FA782 /* LaunchScreen.xib */; };
		972BDF382B3865B10077296E /* VideoConsultationVC.swift in Sources */ = {isa = PBXBuildFile; fileRef = 972BDF372B3865B10077296E /* VideoConsultationVC.swift */; };
		976946EF2EF8581800353B67 /* AltibbiTelehealth in Frameworks */ = {isa = PBXBuildFile; productRef = 976946EE2EF8581800353B67 /* AltibbiTelehealth */; };
		97FC9FDE2EF85D3000BBA0EF /* VonageClientSDKVideo in Frameworks */ = {isa = PBXBuildFile; productRef = 97FC9FDD2EF85D3000BBA0EF /* VonageClientSDKVideo */; };
/* End PBXBuildFile section */

/* Begin PBXFileReference section */
		28E0C1EF559369865B5719FC /* README.md */ = {isa = PBXFileReference; includeInIndex = 1; lastKnownFileType = net.daringfireball.markdown; name = README.md; path = ../README.md; sourceTree = "<group>"; };
		30998BDD2B383214005E9F25 /* LoginVC.swift */ = {isa = PBXFileReference; lastKnownFileType = sourcecode.swift; path = LoginVC.swift; sourceTree = "<group>"; };
		30998BDF2B38327A005E9F25 /* HomeVC.swift */ = {isa = PBXFileReference; lastKnownFileType = sourcecode.swift; path = HomeVC.swift; sourceTree = "<group>"; };
		30998BE22B3832FF005E9F25 /* ConsultationVC.swift */ = {isa = PBXFileReference; lastKnownFileType = sourcecode.swift; path = ConsultationVC.swift; sourceTree = "<group>"; };
		30998BE42B38338A005E9F25 /* WaitingVC.swift */ = {isa = PBXFileReference; lastKnownFileType = sourcecode.swift; path = WaitingVC.swift; sourceTree = "<group>"; };
		30998BE62B383461005E9F25 /* PrescriptionVC.swift */ = {isa = PBXFileReference; lastKnownFileType = sourcecode.swift; path = PrescriptionVC.swift; sourceTree = "<group>"; };
		30998BE82B3834DD005E9F25 /* ChatConsultationVC.swift */ = {isa = PBXFileReference; lastKnownFileType = sourcecode.swift; path = ChatConsultationVC.swift; sourceTree = "<group>"; };
		30998BEB2B383585005E9F25 /* UserVC.swift */ = {isa = PBXFileReference; lastKnownFileType = sourcecode.swift; path = UserVC.swift; sourceTree = "<group>"; };
		30998BED2B3835F5005E9F25 /* UserInfoVC.swift */ = {isa = PBXFileReference; lastKnownFileType = sourcecode.swift; path = UserInfoVC.swift; sourceTree = "<group>"; };
		30998BEF2B383639005E9F25 /* CreateUserVC.swift */ = {isa = PBXFileReference; lastKnownFileType = sourcecode.swift; path = CreateUserVC.swift; sourceTree = "<group>"; };
		30998BFC2B3C32F1005E9F25 /* MessageCell.swift */ = {isa = PBXFileReference; fileEncoding = 4; lastKnownFileType = sourcecode.swift; path = MessageCell.swift; sourceTree = "<group>"; };
		30998BFF2B3C3304005E9F25 /* Base */ = {isa = PBXFileReference; lastKnownFileType = file.xib; name = Base; path = Base.lproj/MessageCell.xib; sourceTree = "<group>"; };
		30998C012B3CB1FE005E9F25 /* MyMessageCell.swift */ = {isa = PBXFileReference; fileEncoding = 4; lastKnownFileType = sourcecode.swift; path = MyMessageCell.swift; sourceTree = "<group>"; };
		30998C042B3CB266005E9F25 /* Base */ = {isa = PBXFileReference; lastKnownFileType = file.xib; name = Base; path = Base.lproj/MyMessageCell.xib; sourceTree = "<group>"; };
		607FACD01AFB9204008FA782 /* AltibbiTelehealth_Example.app */ = {isa = PBXFileReference; explicitFileType = wrapper.application; includeInIndex = 0; path = AltibbiTelehealth_Example.app; sourceTree = BUILT_PRODUCTS_DIR; };
		607FACD41AFB9204008FA782 /* Info.plist */ = {isa = PBXFileReference; lastKnownFileType = text.plist.xml; path = Info.plist; sourceTree = "<group>"; };
		607FACD51AFB9204008FA782 /* AppDelegate.swift */ = {isa = PBXFileReference; lastKnownFileType = sourcecode.swift; path = AppDelegate.swift; sourceTree = "<group>"; };
		607FACDA1AFB9204008FA782 /* Base */ = {isa = PBXFileReference; lastKnownFileType = file.storyboard; name = Base; path = Base.lproj/Main.storyboard; sourceTree = "<group>"; };
		607FACDC1AFB9204008FA782 /* Images.xcassets */ = {isa = PBXFileReference; lastKnownFileType = folder.assetcatalog; path = Images.xcassets; sourceTree = "<group>"; };
		607FACDF1AFB9204008FA782 /* Base */ = {isa = PBXFileReference; lastKnownFileType = file.xib; name = Base; path = Base.lproj/LaunchScreen.xib; sourceTree = "<group>"; };
		607FACEA1AFB9204008FA782 /* Info.plist */ = {isa = PBXFileReference; lastKnownFileType = text.plist.xml; path = Info.plist; sourceTree = "<group>"; };
		607FACEB1AFB9204008FA782 /* Tests.swift */ = {isa = PBXFileReference; lastKnownFileType = sourcecode.swift; path = Tests.swift; sourceTree = "<group>"; };
		91F76571CA1CE9F41A2DFD32 /* Pods_AltibbiTelehealth_Example.framework */ = {isa = PBXFileReference; explicitFileType = wrapper.framework; includeInIndex = 0; path = Pods_AltibbiTelehealth_Example.framework; sourceTree = BUILT_PRODUCTS_DIR; };
		96C178F1118C76123943E695 /* LICENSE */ = {isa = PBXFileReference; includeInIndex = 1; lastKnownFileType = text; name = LICENSE; path = ../LICENSE; sourceTree = "<group>"; };
		972BDF372B3865B10077296E /* VideoConsultationVC.swift */ = {isa = PBXFileReference; lastKnownFileType = sourcecode.swift; path = VideoConsultationVC.swift; sourceTree = "<group>"; };
		AF9FFE1E278492A26E550EBA /* AltibbiTelehealth.podspec */ = {isa = PBXFileReference; includeInIndex = 1; lastKnownFileType = text; name = AltibbiTelehealth.podspec; path = ../AltibbiTelehealth.podspec; sourceTree = "<group>"; xcLanguageSpecificationIdentifier = xcode.lang.ruby; };
		B63B9403901E9667A21F74CF /* Pods_AltibbiTelehealth_Tests.framework */ = {isa = PBXFileReference; explicitFileType = wrapper.framework; includeInIndex = 0; path = Pods_AltibbiTelehealth_Tests.framework; sourceTree = BUILT_PRODUCTS_DIR; };
/* End PBXFileReference section */

/* Begin PBXFrameworksBuildPhase section */
		607FACCD1AFB9204008FA782 /* Frameworks */ = {
			isa = PBXFrameworksBuildPhase;
			buildActionMask = 2147483647;
			files = (
				97FC9FDE2EF85D3000BBA0EF /* VonageClientSDKVideo in Frameworks */,
				976946EF2EF8581800353B67 /* AltibbiTelehealth in Frameworks */,
			);
			runOnlyForDeploymentPostprocessing = 0;
		};
/* End PBXFrameworksBuildPhase section */

/* Begin PBXGroup section */
		30998BDA2B38319D005E9F25 /* Main Controllers */ = {
			isa = PBXGroup;
			children = (
				30998BDD2B383214005E9F25 /* LoginVC.swift */,
				30998BDF2B38327A005E9F25 /* HomeVC.swift */,
			);
			name = "Main Controllers";
			sourceTree = "<group>";
		};
		30998BE12B3832A3005E9F25 /* Consultation Controllers */ = {
			isa = PBXGroup;
			children = (
				30998C012B3CB1FE005E9F25 /* MyMessageCell.swift */,
				30998BFC2B3C32F1005E9F25 /* MessageCell.swift */,
				30998BE22B3832FF005E9F25 /* ConsultationVC.swift */,
				30998BE42B38338A005E9F25 /* WaitingVC.swift */,
				30998BE62B383461005E9F25 /* PrescriptionVC.swift */,
				30998BE82B3834DD005E9F25 /* ChatConsultationVC.swift */,
				972BDF372B3865B10077296E /* VideoConsultationVC.swift */,
			);
			name = "Consultation Controllers";
			sourceTree = "<group>";
		};
		30998BEA2B383571005E9F25 /* User Controllers */ = {
			isa = PBXGroup;
			children = (
				30998BEB2B383585005E9F25 /* UserVC.swift */,
				30998BED2B3835F5005E9F25 /* UserInfoVC.swift */,
				30998BEF2B383639005E9F25 /* CreateUserVC.swift */,
			);
			name = "User Controllers";
			sourceTree = "<group>";
		};
		607FACC71AFB9204008FA782 = {
			isa = PBXGroup;
			children = (
				607FACF51AFB993E008FA782 /* Podspec Metadata */,
				607FACD21AFB9204008FA782 /* Example for AltibbiTelehealth */,
				607FACE81AFB9204008FA782 /* Tests */,
				607FACD11AFB9204008FA782 /* Products */,
				9713F979BA96F75EDE02466B /* Pods */,
				D96CF2965BC0AA787EC0C33B /* Frameworks */,
			);
			sourceTree = "<group>";
		};
		607FACD11AFB9204008FA782 /* Products */ = {
			isa = PBXGroup;
			children = (
				607FACD01AFB9204008FA782 /* AltibbiTelehealth_Example.app */,
			);
			name = Products;
			sourceTree = "<group>";
		};
		607FACD21AFB9204008FA782 /* Example for AltibbiTelehealth */ = {
			isa = PBXGroup;
			children = (
				30998BEA2B383571005E9F25 /* User Controllers */,
				30998BE12B3832A3005E9F25 /* Consultation Controllers */,
				30998BDA2B38319D005E9F25 /* Main Controllers */,
				607FACD51AFB9204008FA782 /* AppDelegate.swift */,
				607FACD91AFB9204008FA782 /* Main.storyboard */,
				30998BFE2B3C3304005E9F25 /* MessageCell.xib */,
				30998C032B3CB266005E9F25 /* MyMessageCell.xib */,
				607FACDC1AFB9204008FA782 /* Images.xcassets */,
				607FACDE1AFB9204008FA782 /* LaunchScreen.xib */,
				607FACD31AFB9204008FA782 /* Supporting Files */,
			);
			name = "Example for AltibbiTelehealth";
			path = AltibbiTelehealth;
			sourceTree = "<group>";
		};
		607FACD31AFB9204008FA782 /* Supporting Files */ = {
			isa = PBXGroup;
			children = (
				607FACD41AFB9204008FA782 /* Info.plist */,
			);
			name = "Supporting Files";
			sourceTree = "<group>";
		};
		607FACE81AFB9204008FA782 /* Tests */ = {
			isa = PBXGroup;
			children = (
				607FACEB1AFB9204008FA782 /* Tests.swift */,
				607FACE91AFB9204008FA782 /* Supporting Files */,
			);
			path = Tests;
			sourceTree = "<group>";
		};
		607FACE91AFB9204008FA782 /* Supporting Files */ = {
			isa = PBXGroup;
			children = (
				607FACEA1AFB9204008FA782 /* Info.plist */,
			);
			name = "Supporting Files";
			sourceTree = "<group>";
		};
		607FACF51AFB993E008FA782 /* Podspec Metadata */ = {
			isa = PBXGroup;
			children = (
				AF9FFE1E278492A26E550EBA /* AltibbiTelehealth.podspec */,
				28E0C1EF559369865B5719FC /* README.md */,
				96C178F1118C76123943E695 /* LICENSE */,
			);
			name = "Podspec Metadata";
			sourceTree = "<group>";
		};
		9713F979BA96F75EDE02466B /* Pods */ = {
			isa = PBXGroup;
			children = (
			);
			path = Pods;
			sourceTree = "<group>";
		};
		D96CF2965BC0AA787EC0C33B /* Frameworks */ = {
			isa = PBXGroup;
			children = (
				91F76571CA1CE9F41A2DFD32 /* Pods_AltibbiTelehealth_Example.framework */,
				B63B9403901E9667A21F74CF /* Pods_AltibbiTelehealth_Tests.framework */,
			);
			name = Frameworks;
			sourceTree = "<group>";
		};
/* End PBXGroup section */

/* Begin PBXNativeTarget section */
		607FACCF1AFB9204008FA782 /* AltibbiTelehealth_Example */ = {
			isa = PBXNativeTarget;
			buildConfigurationList = 607FACEF1AFB9204008FA782 /* Build configuration list for PBXNativeTarget "AltibbiTelehealth_Example" */;
			buildPhases = (
				607FACCC1AFB9204008FA782 /* Sources */,
				607FACCD1AFB9204008FA782 /* Frameworks */,
				607FACCE1AFB9204008FA782 /* Resources */,
			);
			buildRules = (
			);
			dependencies = (
			);
			name = AltibbiTelehealth_Example;
			productName = AltibbiTelehealth;
			productReference = 607FACD01AFB9204008FA782 /* AltibbiTelehealth_Example.app */;
			productType = "com.apple.product-type.application";
		};
/* End PBXNativeTarget section */

/* Begin PBXProject section */
		607FACC81AFB9204008FA782 /* Project object */ = {
			isa = PBXProject;
			attributes = {
				LastSwiftUpdateCheck = 0830;
				LastUpgradeCheck = 0830;
				ORGANIZATIONNAME = CocoaPods;
				TargetAttributes = {
					607FACCF1AFB9204008FA782 = {
						CreatedOnToolsVersion = 6.3.1;
						DevelopmentTeam = 3P99GAP385;
						LastSwiftMigration = 0900;
					};
				};
			};
			buildConfigurationList = 607FACCB1AFB9204008FA782 /* Build configuration list for PBXProject "AltibbiTelehealth" */;
			compatibilityVersion = "Xcode 3.2";
			developmentRegion = English;
			hasScannedForEncodings = 0;
			knownRegions = (
				English,
				en,
				Base,
			);
			mainGroup = 607FACC71AFB9204008FA782;
			packageReferences = (
				976946ED2EF8581800353B67 /* XCRemoteSwiftPackageReference "altibbi-ios-sdk" */,
				97FC9FDC2EF85D3000BBA0EF /* XCRemoteSwiftPackageReference "vonage-video-client-sdk-swift" */,
			);
			productRefGroup = 607FACD11AFB9204008FA782 /* Products */;
			projectDirPath = "";
			projectRoot = "";
			targets = (
				607FACCF1AFB9204008FA782 /* AltibbiTelehealth_Example */,
			);
		};
/* End PBXProject section */

/* Begin PBXResourcesBuildPhase section */
		607FACCE1AFB9204008FA782 /* Resources */ = {
			isa = PBXResourcesBuildPhase;
			buildActionMask = 2147483647;
			files = (
				607FACDB1AFB9204008FA782 /* Main.storyboard in Resources */,
				30998C002B3C3304005E9F25 /* MessageCell.xib in Resources */,
				607FACE01AFB9204008FA782 /* LaunchScreen.xib in Resources */,
				30998C052B3CB266005E9F25 /* MyMessageCell.xib in Resources */,
				607FACDD1AFB9204008FA782 /* Images.xcassets in Resources */,
			);
			runOnlyForDeploymentPostprocessing = 0;
		};
/* End PBXResourcesBuildPhase section */

/* Begin PBXSourcesBuildPhase section */
		607FACCC1AFB9204008FA782 /* Sources */ = {
			isa = PBXSourcesBuildPhase;
			buildActionMask = 2147483647;
			files = (
				30998C022B3CB1FE005E9F25 /* MyMessageCell.swift in Sources */,
				30998BE72B383461005E9F25 /* PrescriptionVC.swift in Sources */,
				30998BF02B383639005E9F25 /* CreateUserVC.swift in Sources */,
				30998BE52B38338A005E9F25 /* WaitingVC.swift in Sources */,
				30998BE92B3834DD005E9F25 /* ChatConsultationVC.swift in Sources */,
				30998BE02B38327A005E9F25 /* HomeVC.swift in Sources */,
				30998BFD2B3C32F1005E9F25 /* MessageCell.swift in Sources */,
				30998BDE2B383214005E9F25 /* LoginVC.swift in Sources */,
				607FACD61AFB9204008FA782 /* AppDelegate.swift in Sources */,
				30998BE32B3832FF005E9F25 /* ConsultationVC.swift in Sources */,
				972BDF382B3865B10077296E /* VideoConsultationVC.swift in Sources */,
				30998BEC2B383585005E9F25 /* UserVC.swift in Sources */,
				30998BEE2B3835F5005E9F25 /* UserInfoVC.swift in Sources */,
			);
			runOnlyForDeploymentPostprocessing = 0;
		};
/* End PBXSourcesBuildPhase section */

/* Begin PBXVariantGroup section */
		30998BFE2B3C3304005E9F25 /* MessageCell.xib */ = {
			isa = PBXVariantGroup;
			children = (
				30998BFF2B3C3304005E9F25 /* Base */,
			);
			name = MessageCell.xib;
			sourceTree = "<group>";
		};
		30998C032B3CB266005E9F25 /* MyMessageCell.xib */ = {
			isa = PBXVariantGroup;
			children = (
				30998C042B3CB266005E9F25 /* Base */,
			);
			name = MyMessageCell.xib;
			sourceTree = "<group>";
		};
		607FACD91AFB9204008FA782 /* Main.storyboard */ = {
			isa = PBXVariantGroup;
			children = (
				607FACDA1AFB9204008FA782 /* Base */,
			);
			name = Main.storyboard;
			sourceTree = "<group>";
		};
		607FACDE1AFB9204008FA782 /* LaunchScreen.xib */ = {
			isa = PBXVariantGroup;
			children = (
				607FACDF1AFB9204008FA782 /* Base */,
			);
			name = LaunchScreen.xib;
			sourceTree = "<group>";
		};
/* End PBXVariantGroup section */

/* Begin XCBuildConfiguration section */
		607FACED1AFB9204008FA782 /* Debug */ = {
			isa = XCBuildConfiguration;
			buildSettings = {
				ALWAYS_SEARCH_USER_PATHS = NO;
				CLANG_CXX_LANGUAGE_STANDARD = "gnu++0x";
				CLANG_CXX_LIBRARY = "libc++";
				CLANG_ENABLE_MODULES = YES;
				CLANG_ENABLE_OBJC_ARC = YES;
				CLANG_WARN_BLOCK_CAPTURE_AUTORELEASING = YES;
				CLANG_WARN_BOOL_CONVERSION = YES;
				CLANG_WARN_COMMA = YES;
				CLANG_WARN_CONSTANT_CONVERSION = YES;
				CLANG_WARN_DIRECT_OBJC_ISA_USAGE = YES_ERROR;
				CLANG_WARN_EMPTY_BODY = YES;
				CLANG_WARN_ENUM_CONVERSION = YES;
				CLANG_WARN_INFINITE_RECURSION = YES;
				CLANG_WARN_INT_CONVERSION = YES;
				CLANG_WARN_NON_LITERAL_NULL_CONVERSION = YES;
				CLANG_WARN_OBJC_LITERAL_CONVERSION = YES;
				CLANG_WARN_OBJC_ROOT_CLASS = YES_ERROR;
				CLANG_WARN_RANGE_LOOP_ANALYSIS = YES;
				CLANG_WARN_STRICT_PROTOTYPES = YES;
				CLANG_WARN_SUSPICIOUS_MOVE = YES;
				CLANG_WARN_UNREACHABLE_CODE = YES;
				CLANG_WARN__DUPLICATE_METHOD_MATCH = YES;
				"CODE_SIGN_IDENTITY[sdk=iphoneos*]" = "iPhone Developer";
				COPY_PHASE_STRIP = NO;
				DEBUG_INFORMATION_FORMAT = "dwarf-with-dsym";
				ENABLE_STRICT_OBJC_MSGSEND = YES;
				ENABLE_TESTABILITY = YES;
				GCC_C_LANGUAGE_STANDARD = gnu99;
				GCC_DYNAMIC_NO_PIC = NO;
				GCC_NO_COMMON_BLOCKS = YES;
				GCC_OPTIMIZATION_LEVEL = 0;
				GCC_PREPROCESSOR_DEFINITIONS = (
					"DEBUG=1",
					"$(inherited)",
				);
				GCC_SYMBOLS_PRIVATE_EXTERN = NO;
				GCC_WARN_64_TO_32_BIT_CONVERSION = YES;
				GCC_WARN_ABOUT_RETURN_TYPE = YES_ERROR;
				GCC_WARN_UNDECLARED_SELECTOR = YES;
				GCC_WARN_UNINITIALIZED_AUTOS = YES_AGGRESSIVE;
				GCC_WARN_UNUSED_FUNCTION = YES;
				GCC_WARN_UNUSED_VARIABLE = YES;
				IPHONEOS_DEPLOYMENT_TARGET = 9.3;
				MTL_ENABLE_DEBUG_INFO = YES;
				ONLY_ACTIVE_ARCH = YES;
				SDKROOT = iphoneos;
				SWIFT_OPTIMIZATION_LEVEL = "-Onone";
			};
			name = Debug;
		};
		607FACEE1AFB9204008FA782 /* Release */ = {
			isa = XCBuildConfiguration;
			buildSettings = {
				ALWAYS_SEARCH_USER_PATHS = NO;
				CLANG_CXX_LANGUAGE_STANDARD = "gnu++0x";
				CLANG_CXX_LIBRARY = "libc++";
				CLANG_ENABLE_MODULES = YES;
				CLANG_ENABLE_OBJC_ARC = YES;
				CLANG_WARN_BLOCK_CAPTURE_AUTORELEASING = YES;
				CLANG_WARN_BOOL_CONVERSION = YES;
				CLANG_WARN_COMMA = YES;
				CLANG_WARN_CONSTANT_CONVERSION = YES;
				CLANG_WARN_DIRECT_OBJC_ISA_USAGE = YES_ERROR;
				CLANG_WARN_EMPTY_BODY = YES;
				CLANG_WARN_ENUM_CONVERSION = YES;
				CLANG_WARN_INFINITE_RECURSION = YES;
				CLANG_WARN_INT_CONVERSION = YES;
				CLANG_WARN_NON_LITERAL_NULL_CONVERSION = YES;
				CLANG_WARN_OBJC_LITERAL_CONVERSION = YES;
				CLANG_WARN_OBJC_ROOT_CLASS = YES_ERROR;
				CLANG_WARN_RANGE_LOOP_ANALYSIS = YES;
				CLANG_WARN_STRICT_PROTOTYPES = YES;
				CLANG_WARN_SUSPICIOUS_MOVE = YES;
				CLANG_WARN_UNREACHABLE_CODE = YES;
				CLANG_WARN__DUPLICATE_METHOD_MATCH = YES;
				"CODE_SIGN_IDENTITY[sdk=iphoneos*]" = "iPhone Developer";
				COPY_PHASE_STRIP = NO;
				DEBUG_INFORMATION_FORMAT = "dwarf-with-dsym";
				ENABLE_NS_ASSERTIONS = NO;
				ENABLE_STRICT_OBJC_MSGSEND = YES;
				GCC_C_LANGUAGE_STANDARD = gnu99;
				GCC_NO_COMMON_BLOCKS = YES;
				GCC_WARN_64_TO_32_BIT_CONVERSION = YES;
				GCC_WARN_ABOUT_RETURN_TYPE = YES_ERROR;
				GCC_WARN_UNDECLARED_SELECTOR = YES;
				GCC_WARN_UNINITIALIZED_AUTOS = YES_AGGRESSIVE;
				GCC_WARN_UNUSED_FUNCTION = YES;
				GCC_WARN_UNUSED_VARIABLE = YES;
				IPHONEOS_DEPLOYMENT_TARGET = 9.3;
				MTL_ENABLE_DEBUG_INFO = NO;
				SDKROOT = iphoneos;
				SWIFT_COMPILATION_MODE = wholemodule;
				SWIFT_OPTIMIZATION_LEVEL = "-O";
				VALIDATE_PRODUCT = YES;
			};
			name = Release;
		};
		607FACF01AFB9204008FA782 /* Debug */ = {
			isa = XCBuildConfiguration;
			buildSettings = {
				ASSETCATALOG_COMPILER_APPICON_NAME = AppIcon;
				DEVELOPMENT_TEAM = 3P99GAP385;
				INFOPLIST_FILE = AltibbiTelehealth/Info.plist;
				IPHONEOS_DEPLOYMENT_TARGET = 13.0;
				LD_RUNPATH_SEARCH_PATHS = (
					"$(inherited)",
					"@executable_path/Frameworks",
				);
				MODULE_NAME = ExampleApp;
				OTHER_LDFLAGS = "-ObjC";
				PRODUCT_BUNDLE_IDENTIFIER = "org.cocoapods.demo.$(PRODUCT_NAME:rfc1034identifier)";
				PRODUCT_NAME = "$(TARGET_NAME)";
				SWIFT_SWIFT3_OBJC_INFERENCE = Default;
				SWIFT_VERSION = 5.0;
			};
			name = Debug;
		};
		607FACF11AFB9204008FA782 /* Release */ = {
			isa = XCBuildConfiguration;
			buildSettings = {
				ASSETCATALOG_COMPILER_APPICON_NAME = AppIcon;
				DEVELOPMENT_TEAM = 3P99GAP385;
				INFOPLIST_FILE = AltibbiTelehealth/Info.plist;
				IPHONEOS_DEPLOYMENT_TARGET = 13.0;
				LD_RUNPATH_SEARCH_PATHS = (
					"$(inherited)",
					"@executable_path/Frameworks",
				);
				MODULE_NAME = ExampleApp;
				OTHER_LDFLAGS = "-ObjC";
				PRODUCT_BUNDLE_IDENTIFIER = "org.cocoapods.demo.$(PRODUCT_NAME:rfc1034identifier)";
				PRODUCT_NAME = "$(TARGET_NAME)";
				SWIFT_SWIFT3_OBJC_INFERENCE = Default;
				SWIFT_VERSION = 5.0;
			};
			name = Release;
		};
/* End XCBuildConfiguration section */

/* Begin XCConfigurationList section */
		607FACCB1AFB9204008FA782 /* Build configuration list for PBXProject "AltibbiTelehealth" */ = {
			isa = XCConfigurationList;
			buildConfigurations = (
				607FACED1AFB9204008FA782 /* Debug */,
				607FACEE1AFB9204008FA782 /* Release */,
			);
			defaultConfigurationIsVisible = 0;
			defaultConfigurationName = Release;
		};
		607FACEF1AFB9204008FA782 /* Build configuration list for PBXNativeTarget "AltibbiTelehealth_Example" */ = {
			isa = XCConfigurationList;
			buildConfigurations = (
				607FACF01AFB9204008FA782 /* Debug */,
				607FACF11AFB9204008FA782 /* Release */,
			);
			defaultConfigurationIsVisible = 0;
			defaultConfigurationName = Release;
		};
/* End XCConfigurationList section */

/* Begin XCRemoteSwiftPackageReference section */
		976946ED2EF8581800353B67 /* XCRemoteSwiftPackageReference "altibbi-ios-sdk" */ = {
			isa = XCRemoteSwiftPackageReference;
			repositoryURL = "https://github.com/altibbi-com/altibbi-ios-sdk.git";
			requirement = {
				kind = upToNextMajorVersion;
				minimumVersion = 0.2.0;
			};
		};
		97FC9FDC2EF85D3000BBA0EF /* XCRemoteSwiftPackageReference "vonage-video-client-sdk-swift" */ = {
			isa = XCRemoteSwiftPackageReference;
			repositoryURL = "https://github.com/vonage/vonage-video-client-sdk-swift.git";
			requirement = {
				kind = upToNextMajorVersion;
				minimumVersion = 2.32.1;
			};
		};
/* End XCRemoteSwiftPackageReference section */

/* Begin XCSwiftPackageProductDependency section */
		976946EE2EF8581800353B67 /* AltibbiTelehealth */ = {
			isa = XCSwiftPackageProductDependency;
			package = 976946ED2EF8581800353B67 /* XCRemoteSwiftPackageReference "altibbi-ios-sdk" */;
			productName = AltibbiTelehealth;
		};
		97FC9FDD2EF85D3000BBA0EF /* VonageClientSDKVideo */ = {
			isa = XCSwiftPackageProductDependency;
			package = 97FC9FDC2EF85D3000BBA0EF /* XCRemoteSwiftPackageReference "vonage-video-client-sdk-swift" */;
			productName = VonageClientSDKVideo;
		};
/* End XCSwiftPackageProductDependency section */
	};
	rootObject = 607FACC81AFB9204008FA782 /* Project object */;
}
