{
  "originHash" : "23ed29d690851b19b6965b8de0b9ea0e74d150603d58ed4ea8765003f9364b19",
  "pins" : [
    {
      "identity" : "lottie-ios",
      "kind" : "remoteSourceControl",
      "location" : "https://github.com/airbnb/lottie-ios.git",
      "state" : {
        "revision" : "0cb03fd7564d27345bcd96144b811e56212949c6",
        "version" : "4.6.0"
      }
    },
    {
      "identity" : "nwwebsocket",
      "kind" : "remoteSourceControl",
      "location" : "https://github.com/pusher/NWWebSocket.git",
      "state" : {
        "revision" : "501c6bd6063628e1d50661a3742311d812ba6546",
        "version" : "0.5.9"
      }
    },
    {
      "identity" : "pusher-websocket-swift",
      "kind" : "remoteSourceControl",
      "location" : "https://github.com/pusher/pusher-websocket-swift.git",
      "state" : {
        "revision" : "d8d7a776fa92c733891790be6e8d3e3532e79c43",
        "version" : "10.1.6"
      }
    },
    {
      "identity" : "sendbird-auth-ios",
      "kind" : "remoteSourceControl",
      "location" : "https://github.com/sendbird/sendbird-auth-ios.git",
      "state" : {
        "revision" : "721370556c748cdc11e7180a3ff7b391fcd774a9",
        "version" : "0.0.6"
      }
    },
    {
      "identity" : "sendbird-chat-sdk-ios",
      "kind" : "remoteSourceControl",
      "location" : "https://github.com/sendbird/sendbird-chat-sdk-ios.git",
      "state" : {
        "revision" : "bc86eca3dde1eb84a0916d8eb498959c15a52205",
        "version" : "4.35.0"
      }
    },
    {
      "identity" : "tweetnacl-swiftwrap",
      "kind" : "remoteSourceControl",
      "location" : "https://github.com/bitmark-inc/tweetnacl-swiftwrap",
      "state" : {
        "revision" : "f8fd111642bf2336b11ef9ea828510693106e954",
        "version" : "1.1.0"
      }
    },
    {
      "identity" : "vonage-video-client-sdk-swift",
      "kind" : "remoteSourceControl",
      "location" : "https://github.com/vonage/vonage-video-client-sdk-swift.git",
      "state" : {
        "revision" : "70bfd195ab2c3e5cfcd2c84a30275806a841ae68",
        "version" : "2.32.1"
      }
    }
  ],
  "version" : 3
}
